// !$*UTF8*$!
{
	archiveVersion = 1;
	classes = {
	};
	objectVersion = 55;
	objects = {

/* Begin PBXBuildFile section */
		B83DA035277ADC5A002C4B3F /* InfoLabel.swift in Sources */ = {isa = PBXBuildFile; fileRef = B83DA034277ADC5A002C4B3F /* InfoLabel.swift */; };
		B83DA03A277B1010002C4B3F /* SearchError.swift in Sources */ = {isa = PBXBuildFile; fileRef = B83DA039277B1010002C4B3F /* SearchError.swift */; };
		B8C8684D2770EA56003AF010 /* AppDelegate.swift in Sources */ = {isa = PBXBuildFile; fileRef = B8C8684C2770EA56003AF010 /* AppDelegate.swift */; };
		B8C8684F2770EA56003AF010 /* SceneDelegate.swift in Sources */ = {isa = PBXBuildFile; fileRef = B8C8684E2770EA56003AF010 /* SceneDelegate.swift */; };
		B8C868562770EA58003AF010 /* Assets.xcassets in Resources */ = {isa = PBXBuildFile; fileRef = B8C868552770EA58003AF010 /* Assets.xcassets */; };
		B8C868592770EA58003AF010 /* LaunchScreen.storyboard in Resources */ = {isa = PBXBuildFile; fileRef = B8C868572770EA58003AF010 /* LaunchScreen.storyboard */; };
		B8C868672770EAE0003AF010 /* Constants.swift in Sources */ = {isa = PBXBuildFile; fileRef = B8C868662770EAE0003AF010 /* Constants.swift */; };
		B8C8686A2770F158003AF010 /* NetworkingErrors.swift in Sources */ = {isa = PBXBuildFile; fileRef = B8C868692770F158003AF010 /* NetworkingErrors.swift */; };
		B8C8686D2770F170003AF010 /* ParseDataManager.swift in Sources */ = {isa = PBXBuildFile; fileRef = B8C8686C2770F170003AF010 /* ParseDataManager.swift */; };
		B8C8686F2770F184003AF010 /* NetworkManager.swift in Sources */ = {isa = PBXBuildFile; fileRef = B8C8686E2770F184003AF010 /* NetworkManager.swift */; };
		B8C868742770F201003AF010 /* ImagesCache.swift in Sources */ = {isa = PBXBuildFile; fileRef = B8C868732770F201003AF010 /* ImagesCache.swift */; };
		B8C8687B2770F30B003AF010 /* HomeViewController.swift in Sources */ = {isa = PBXBuildFile; fileRef = B8C8687A2770F30B003AF010 /* HomeViewController.swift */; };
		B8C8687D2770F737003AF010 /* MoviesResponse.swift in Sources */ = {isa = PBXBuildFile; fileRef = B8C8687C2770F737003AF010 /* MoviesResponse.swift */; };
		B8C8687F2770F878003AF010 /* Movie.swift in Sources */ = {isa = PBXBuildFile; fileRef = B8C8687E2770F878003AF010 /* Movie.swift */; };
		B8C868812770FA55003AF010 /* MovieCell.swift in Sources */ = {isa = PBXBuildFile; fileRef = B8C868802770FA55003AF010 /* MovieCell.swift */; };
		B8C8688527710A0E003AF010 /* MovieDetailViewController.swift in Sources */ = {isa = PBXBuildFile; fileRef = B8C8688427710A0E003AF010 /* MovieDetailViewController.swift */; };
		B8C8688A27710B2C003AF010 /* MovieDetail.swift in Sources */ = {isa = PBXBuildFile; fileRef = B8C8688927710B2C003AF010 /* MovieDetail.swift */; };
		B8C8688C27710E18003AF010 /* Genre.swift in Sources */ = {isa = PBXBuildFile; fileRef = B8C8688B27710E18003AF010 /* Genre.swift */; };
		B8C8688E27710E30003AF010 /* Company.swift in Sources */ = {isa = PBXBuildFile; fileRef = B8C8688D27710E30003AF010 /* Company.swift */; };
		B8C8689027710F7E003AF010 /* StandardImageView.swift in Sources */ = {isa = PBXBuildFile; fileRef = B8C8688F27710F7E003AF010 /* StandardImageView.swift */; };
		B8C8689227711857003AF010 /* MoviesCache.swift in Sources */ = {isa = PBXBuildFile; fileRef = B8C8689127711857003AF010 /* MoviesCache.swift */; };
		B8E7A4552771A52900E858C1 /* StandardLabel.swift in Sources */ = {isa = PBXBuildFile; fileRef = B8E7A4542771A52900E858C1 /* StandardLabel.swift */; };
		B8E7A459277276EB00E858C1 /* DetailInformationLabel.swift in Sources */ = {isa = PBXBuildFile; fileRef = B8E7A458277276EB00E858C1 /* DetailInformationLabel.swift */; };
		B8E7A45B2772F5F700E858C1 /* OverviewLabel.swift in Sources */ = {isa = PBXBuildFile; fileRef = B8E7A45A2772F5F700E858C1 /* OverviewLabel.swift */; };
/* End PBXBuildFile section */

/* Begin PBXFileReference section */
		B83DA034277ADC5A002C4B3F /* InfoLabel.swift */ = {isa = PBXFileReference; lastKnownFileType = sourcecode.swift; path = InfoLabel.swift; sourceTree = "<group>"; };
		B83DA039277B1010002C4B3F /* SearchError.swift */ = {isa = PBXFileReference; lastKnownFileType = sourcecode.swift; path = SearchError.swift; sourceTree = "<group>"; };
		B8C868492770EA56003AF010 /* MovieApp.app */ = {isa = PBXFileReference; explicitFileType = wrapper.application; includeInIndex = 0; path = MovieApp.app; sourceTree = BUILT_PRODUCTS_DIR; };
		B8C8684C2770EA56003AF010 /* AppDelegate.swift */ = {isa = PBXFileReference; lastKnownFileType = sourcecode.swift; path = AppDelegate.swift; sourceTree = "<group>"; };
		B8C8684E2770EA56003AF010 /* SceneDelegate.swift */ = {isa = PBXFileReference; lastKnownFileType = sourcecode.swift; path = SceneDelegate.swift; sourceTree = "<group>"; };
		B8C868552770EA58003AF010 /* Assets.xcassets */ = {isa = PBXFileReference; lastKnownFileType = folder.assetcatalog; path = Assets.xcassets; sourceTree = "<group>"; };
		B8C868582770EA58003AF010 /* Base */ = {isa = PBXFileReference; lastKnownFileType = file.storyboard; name = Base; path = Base.lproj/LaunchScreen.storyboard; sourceTree = "<group>"; };
		B8C8685A2770EA58003AF010 /* Info.plist */ = {isa = PBXFileReference; lastKnownFileType = text.plist.xml; path = Info.plist; sourceTree = "<group>"; };
		B8C868662770EAE0003AF010 /* Constants.swift */ = {isa = PBXFileReference; lastKnownFileType = sourcecode.swift; path = Constants.swift; sourceTree = "<group>"; };
		B8C868692770F158003AF010 /* NetworkingErrors.swift */ = {isa = PBXFileReference; lastKnownFileType = sourcecode.swift; path = NetworkingErrors.swift; sourceTree = "<group>"; };
		B8C8686C2770F170003AF010 /* ParseDataManager.swift */ = {isa = PBXFileReference; lastKnownFileType = sourcecode.swift; path = ParseDataManager.swift; sourceTree = "<group>"; };
		B8C8686E2770F184003AF010 /* NetworkManager.swift */ = {isa = PBXFileReference; lastKnownFileType = sourcecode.swift; path = NetworkManager.swift; sourceTree = "<group>"; };
		B8C868732770F201003AF010 /* ImagesCache.swift */ = {isa = PBXFileReference; lastKnownFileType = sourcecode.swift; path = ImagesCache.swift; sourceTree = "<group>"; };
		B8C8687A2770F30B003AF010 /* HomeViewController.swift */ = {isa = PBXFileReference; lastKnownFileType = sourcecode.swift; path = HomeViewController.swift; sourceTree = "<group>"; };
		B8C8687C2770F737003AF010 /* MoviesResponse.swift */ = {isa = PBXFileReference; lastKnownFileType = sourcecode.swift; path = MoviesResponse.swift; sourceTree = "<group>"; };
		B8C8687E2770F878003AF010 /* Movie.swift */ = {isa = PBXFileReference; lastKnownFileType = sourcecode.swift; path = Movie.swift; sourceTree = "<group>"; };
		B8C868802770FA55003AF010 /* MovieCell.swift */ = {isa = PBXFileReference; lastKnownFileType = sourcecode.swift; path = MovieCell.swift; sourceTree = "<group>"; };
		B8C8688427710A0E003AF010 /* MovieDetailViewController.swift */ = {isa = PBXFileReference; lastKnownFileType = sourcecode.swift; path = MovieDetailViewController.swift; sourceTree = "<group>"; };
		B8C8688927710B2C003AF010 /* MovieDetail.swift */ = {isa = PBXFileReference; lastKnownFileType = sourcecode.swift; path = MovieDetail.swift; sourceTree = "<group>"; };
		B8C8688B27710E18003AF010 /* Genre.swift */ = {isa = PBXFileReference; lastKnownFileType = sourcecode.swift; path = Genre.swift; sourceTree = "<group>"; };
		B8C8688D27710E30003AF010 /* Company.swift */ = {isa = PBXFileReference; lastKnownFileType = sourcecode.swift; path = Company.swift; sourceTree = "<group>"; };
		B8C8688F27710F7E003AF010 /* StandardImageView.swift */ = {isa = PBXFileReference; lastKnownFileType = sourcecode.swift; path = StandardImageView.swift; sourceTree = "<group>"; };
		B8C8689127711857003AF010 /* MoviesCache.swift */ = {isa = PBXFileReference; lastKnownFileType = sourcecode.swift; path = MoviesCache.swift; sourceTree = "<group>"; };
		B8E7A4542771A52900E858C1 /* StandardLabel.swift */ = {isa = PBXFileReference; lastKnownFileType = sourcecode.swift; path = StandardLabel.swift; sourceTree = "<group>"; };
		B8E7A458277276EB00E858C1 /* DetailInformationLabel.swift */ = {isa = PBXFileReference; lastKnownFileType = sourcecode.swift; path = DetailInformationLabel.swift; sourceTree = "<group>"; };
		B8E7A45A2772F5F700E858C1 /* OverviewLabel.swift */ = {isa = PBXFileReference; lastKnownFileType = sourcecode.swift; path = OverviewLabel.swift; sourceTree = "<group>"; };
/* End PBXFileReference section */

/* Begin PBXFrameworksBuildPhase section */
		B8C868462770EA56003AF010 /* Frameworks */ = {
			isa = PBXFrameworksBuildPhase;
			buildActionMask = 2147483647;
			files = (
			);
			runOnlyForDeploymentPostprocessing = 0;
		};
/* End PBXFrameworksBuildPhase section */

/* Begin PBXGroup section */
		B8C868402770EA56003AF010 = {
			isa = PBXGroup;
			children = (
				B8C8684B2770EA56003AF010 /* MovieApp */,
				B8C8684A2770EA56003AF010 /* Products */,
			);
			sourceTree = "<group>";
		};
		B8C8684A2770EA56003AF010 /* Products */ = {
			isa = PBXGroup;
			children = (
				B8C868492770EA56003AF010 /* MovieApp.app */,
			);
			name = Products;
			sourceTree = "<group>";
		};
		B8C8684B2770EA56003AF010 /* MovieApp */ = {
			isa = PBXGroup;
			children = (
				B8C868602770EA64003AF010 /* App */,
				B8C868612770EA74003AF010 /* Features */,
				B8C868642770EAC5003AF010 /* Base */,
				B8C868632770EA91003AF010 /* Assets */,
				B8C8685A2770EA58003AF010 /* Info.plist */,
			);
			path = MovieApp;
			sourceTree = "<group>";
		};
		B8C868602770EA64003AF010 /* App */ = {
			isa = PBXGroup;
			children = (
				B8C8684E2770EA56003AF010 /* SceneDelegate.swift */,
				B8C8684C2770EA56003AF010 /* AppDelegate.swift */,
				B8C868572770EA58003AF010 /* LaunchScreen.storyboard */,
			);
			path = App;
			sourceTree = "<group>";
		};
		B8C868612770EA74003AF010 /* Features */ = {
			isa = PBXGroup;
			children = (
				B8C868622770EA7F003AF010 /* Home */,
				B8C86882277109CE003AF010 /* MovieDetail */,
				B8C868682770F145003AF010 /* Networking */,
				B8C868722770F1F2003AF010 /* Cache */,
			);
			path = Features;
			sourceTree = "<group>";
		};
		B8C868622770EA7F003AF010 /* Home */ = {
			isa = PBXGroup;
			children = (
				B8C868792770F2F2003AF010 /* Model */,
				B8C868782770F2ED003AF010 /* View */,
				B8C868772770F2E7003AF010 /* Controller */,
			);
			path = Home;
			sourceTree = "<group>";
		};
		B8C868632770EA91003AF010 /* Assets */ = {
			isa = PBXGroup;
			children = (
				B8C868552770EA58003AF010 /* Assets.xcassets */,
			);
			path = Assets;
			sourceTree = "<group>";
		};
		B8C868642770EAC5003AF010 /* Base */ = {
			isa = PBXGroup;
			children = (
				B8C868652770EACD003AF010 /* Constants */,
			);
			path = Base;
			sourceTree = "<group>";
		};
		B8C868652770EACD003AF010 /* Constants */ = {
			isa = PBXGroup;
			children = (
				B8C868662770EAE0003AF010 /* Constants.swift */,
			);
			path = Constants;
			sourceTree = "<group>";
		};
		B8C868682770F145003AF010 /* Networking */ = {
			isa = PBXGroup;
			children = (
				B8C8686E2770F184003AF010 /* NetworkManager.swift */,
				B8C8686C2770F170003AF010 /* ParseDataManager.swift */,
				B8C868692770F158003AF010 /* NetworkingErrors.swift */,
			);
			path = Networking;
			sourceTree = "<group>";
		};
		B8C868722770F1F2003AF010 /* Cache */ = {
			isa = PBXGroup;
			children = (
				B8C868732770F201003AF010 /* ImagesCache.swift */,
				B8C8689127711857003AF010 /* MoviesCache.swift */,
			);
			path = Cache;
			sourceTree = "<group>";
		};
		B8C868772770F2E7003AF010 /* Controller */ = {
			isa = PBXGroup;
			children = (
				B8C8687A2770F30B003AF010 /* HomeViewController.swift */,
			);
			path = Controller;
			sourceTree = "<group>";
		};
		B8C868782770F2ED003AF010 /* View */ = {
			isa = PBXGroup;
			children = (
				B8C868802770FA55003AF010 /* MovieCell.swift */,
				B83DA039277B1010002C4B3F /* SearchError.swift */,
			);
			path = View;
			sourceTree = "<group>";
		};
		B8C868792770F2F2003AF010 /* Model */ = {
			isa = PBXGroup;
			children = (
				B8C8687C2770F737003AF010 /* MoviesResponse.swift */,
				B8C8687E2770F878003AF010 /* Movie.swift */,
			);
			path = Model;
			sourceTree = "<group>";
		};
		B8C86882277109CE003AF010 /* MovieDetail */ = {
			isa = PBXGroup;
			children = (
				B8C8688727710B14003AF010 /* Model */,
				B8C8688627710B0F003AF010 /* View */,
				B8C86883277109DF003AF010 /* Controller */,
			);
			path = MovieDetail;
			sourceTree = "<group>";
		};
		B8C86883277109DF003AF010 /* Controller */ = {
			isa = PBXGroup;
			children = (
				B8C8688427710A0E003AF010 /* MovieDetailViewController.swift */,
			);
			path = Controller;
			sourceTree = "<group>";
		};
		B8C8688627710B0F003AF010 /* View */ = {
			isa = PBXGroup;
			children = (
				B8E7A4542771A52900E858C1 /* StandardLabel.swift */,
				B8C8688F27710F7E003AF010 /* StandardImageView.swift */,
				B8E7A458277276EB00E858C1 /* DetailInformationLabel.swift */,
				B8E7A45A2772F5F700E858C1 /* OverviewLabel.swift */,
				B83DA034277ADC5A002C4B3F /* InfoLabel.swift */,
			);
			path = View;
			sourceTree = "<group>";
		};
		B8C8688727710B14003AF010 /* Model */ = {
			isa = PBXGroup;
			children = (
				B8C8688927710B2C003AF010 /* MovieDetail.swift */,
				B8C8688B27710E18003AF010 /* Genre.swift */,
				B8C8688D27710E30003AF010 /* Company.swift */,
			);
			path = Model;
			sourceTree = "<group>";
		};
/* End PBXGroup section */

/* Begin PBXNativeTarget section */
		B8C868482770EA56003AF010 /* MovieApp */ = {
			isa = PBXNativeTarget;
			buildConfigurationList = B8C8685D2770EA58003AF010 /* Build configuration list for PBXNativeTarget "MovieApp" */;
			buildPhases = (
				B8C868452770EA56003AF010 /* Sources */,
				B8C868462770EA56003AF010 /* Frameworks */,
				B8C868472770EA56003AF010 /* Resources */,
			);
			buildRules = (
			);
			dependencies = (
			);
			name = MovieApp;
			productName = MovieApp;
			productReference = B8C868492770EA56003AF010 /* MovieApp.app */;
			productType = "com.apple.product-type.application";
		};
/* End PBXNativeTarget section */

/* Begin PBXProject section */
		B8C868412770EA56003AF010 /* Project object */ = {
			isa = PBXProject;
			attributes = {
				BuildIndependentTargetsInParallel = 1;
				LastSwiftUpdateCheck = 1310;
				LastUpgradeCheck = 1310;
				TargetAttributes = {
					B8C868482770EA56003AF010 = {
						CreatedOnToolsVersion = 13.1;
					};
				};
			};
			buildConfigurationList = B8C868442770EA56003AF010 /* Build configuration list for PBXProject "MovieApp" */;
			compatibilityVersion = "Xcode 13.0";
			developmentRegion = en;
			hasScannedForEncodings = 0;
			knownRegions = (
				en,
				Base,
			);
			mainGroup = B8C868402770EA56003AF010;
			productRefGroup = B8C8684A2770EA56003AF010 /* Products */;
			projectDirPath = "";
			projectRoot = "";
			targets = (
				B8C868482770EA56003AF010 /* MovieApp */,
			);
		};
/* End PBXProject section */

/* Begin PBXResourcesBuildPhase section */
		B8C868472770EA56003AF010 /* Resources */ = {
			isa = PBXResourcesBuildPhase;
			buildActionMask = 2147483647;
			files = (
				B8C868592770EA58003AF010 /* LaunchScreen.storyboard in Resources */,
				B8C868562770EA58003AF010 /* Assets.xcassets in Resources */,
			);
			runOnlyForDeploymentPostprocessing = 0;
		};
/* End PBXResourcesBuildPhase section */

/* Begin PBXSourcesBuildPhase section */
		B8C868452770EA56003AF010 /* Sources */ = {
			isa = PBXSourcesBuildPhase;
			buildActionMask = 2147483647;
			files = (
				B83DA03A277B1010002C4B3F /* SearchError.swift in Sources */,
				B8C8686F2770F184003AF010 /* NetworkManager.swift in Sources */,
				B8C8688A27710B2C003AF010 /* MovieDetail.swift in Sources */,
				B8C8684D2770EA56003AF010 /* AppDelegate.swift in Sources */,
				B8C8689027710F7E003AF010 /* StandardImageView.swift in Sources */,
				B8C868812770FA55003AF010 /* MovieCell.swift in Sources */,
				B8E7A45B2772F5F700E858C1 /* OverviewLabel.swift in Sources */,
				B8C868742770F201003AF010 /* ImagesCache.swift in Sources */,
				B8C8688527710A0E003AF010 /* MovieDetailViewController.swift in Sources */,
				B8C8684F2770EA56003AF010 /* SceneDelegate.swift in Sources */,
				B8E7A4552771A52900E858C1 /* StandardLabel.swift in Sources */,
				B8C8686D2770F170003AF010 /* ParseDataManager.swift in Sources */,
				B8E7A459277276EB00E858C1 /* DetailInformationLabel.swift in Sources */,
				B8C8687B2770F30B003AF010 /* HomeViewController.swift in Sources */,
				B8C8688C27710E18003AF010 /* Genre.swift in Sources */,
				B8C8686A2770F158003AF010 /* NetworkingErrors.swift in Sources */,
				B8C8687D2770F737003AF010 /* MoviesResponse.swift in Sources */,
				B8C8687F2770F878003AF010 /* Movie.swift in Sources */,
				B83DA035277ADC5A002C4B3F /* InfoLabel.swift in Sources */,
				B8C8689227711857003AF010 /* MoviesCache.swift in Sources */,
				B8C868672770EAE0003AF010 /* Constants.swift in Sources */,
				B8C8688E27710E30003AF010 /* Company.swift in Sources */,
			);
			runOnlyForDeploymentPostprocessing = 0;
		};
/* End PBXSourcesBuildPhase section */

/* Begin PBXVariantGroup section */
		B8C868572770EA58003AF010 /* LaunchScreen.storyboard */ = {
			isa = PBXVariantGroup;
			children = (
				B8C868582770EA58003AF010 /* Base */,
			);
			name = LaunchScreen.storyboard;
			sourceTree = "<group>";
		};
/* End PBXVariantGroup section */

/* Begin XCBuildConfiguration section */
		B8C8685B2770EA58003AF010 /* Debug */ = {
			isa = XCBuildConfiguration;
			buildSettings = {
				ALWAYS_SEARCH_USER_PATHS = NO;
				CLANG_ANALYZER_NONNULL = YES;
				CLANG_ANALYZER_NUMBER_OBJECT_CONVERSION = YES_AGGRESSIVE;
				CLANG_CXX_LANGUAGE_STANDARD = "gnu++17";
				CLANG_CXX_LIBRARY = "libc++";
				CLANG_ENABLE_MODULES = YES;
				CLANG_ENABLE_OBJC_ARC = YES;
				CLANG_ENABLE_OBJC_WEAK = YES;
				CLANG_WARN_BLOCK_CAPTURE_AUTORELEASING = YES;
				CLANG_WARN_BOOL_CONVERSION = YES;
				CLANG_WARN_COMMA = YES;
				CLANG_WARN_CONSTANT_CONVERSION = YES;
				CLANG_WARN_DEPRECATED_OBJC_IMPLEMENTATIONS = YES;
				CLANG_WARN_DIRECT_OBJC_ISA_USAGE = YES_ERROR;
				CLANG_WARN_DOCUMENTATION_COMMENTS = YES;
				CLANG_WARN_EMPTY_BODY = YES;
				CLANG_WARN_ENUM_CONVERSION = YES;
				CLANG_WARN_INFINITE_RECURSION = YES;
				CLANG_WARN_INT_CONVERSION = YES;
				CLANG_WARN_NON_LITERAL_NULL_CONVERSION = YES;
				CLANG_WARN_OBJC_IMPLICIT_RETAIN_SELF = YES;
				CLANG_WARN_OBJC_LITERAL_CONVERSION = YES;
				CLANG_WARN_OBJC_ROOT_CLASS = YES_ERROR;
				CLANG_WARN_QUOTED_INCLUDE_IN_FRAMEWORK_HEADER = YES;
				CLANG_WARN_RANGE_LOOP_ANALYSIS = YES;
				CLANG_WARN_STRICT_PROTOTYPES = YES;
				CLANG_WARN_SUSPICIOUS_MOVE = YES;
				CLANG_WARN_UNGUARDED_AVAILABILITY = YES_AGGRESSIVE;
				CLANG_WARN_UNREACHABLE_CODE = YES;
				CLANG_WARN__DUPLICATE_METHOD_MATCH = YES;
				COPY_PHASE_STRIP = NO;
				DEBUG_INFORMATION_FORMAT = dwarf;
				ENABLE_STRICT_OBJC_MSGSEND = YES;
				ENABLE_TESTABILITY = YES;
				GCC_C_LANGUAGE_STANDARD = gnu11;
				GCC_DYNAMIC_NO_PIC = NO;
				GCC_NO_COMMON_BLOCKS = YES;
				GCC_OPTIMIZATION_LEVEL = 0;
				GCC_PREPROCESSOR_DEFINITIONS = (
					"DEBUG=1",
					"$(inherited)",
				);
				GCC_WARN_64_TO_32_BIT_CONVERSION = YES;
				GCC_WARN_ABOUT_RETURN_TYPE = YES_ERROR;
				GCC_WARN_UNDECLARED_SELECTOR = YES;
				GCC_WARN_UNINITIALIZED_AUTOS = YES_AGGRESSIVE;
				GCC_WARN_UNUSED_FUNCTION = YES;
				GCC_WARN_UNUSED_VARIABLE = YES;
				IPHONEOS_DEPLOYMENT_TARGET = 15.0;
				MTL_ENABLE_DEBUG_INFO = INCLUDE_SOURCE;
				MTL_FAST_MATH = YES;
				ONLY_ACTIVE_ARCH = YES;
				SDKROOT = iphoneos;
				SWIFT_ACTIVE_COMPILATION_CONDITIONS = DEBUG;
				SWIFT_OPTIMIZATION_LEVEL = "-Onone";
			};
			name = Debug;
		};
		B8C8685C2770EA58003AF010 /* Release */ = {
			isa = XCBuildConfiguration;
			buildSettings = {
				ALWAYS_SEARCH_USER_PATHS = NO;
				CLANG_ANALYZER_NONNULL = YES;
				CLANG_ANALYZER_NUMBER_OBJECT_CONVERSION = YES_AGGRESSIVE;
				CLANG_CXX_LANGUAGE_STANDARD = "gnu++17";
				CLANG_CXX_LIBRARY = "libc++";
				CLANG_ENABLE_MODULES = YES;
				CLANG_ENABLE_OBJC_ARC = YES;
				CLANG_ENABLE_OBJC_WEAK = YES;
				CLANG_WARN_BLOCK_CAPTURE_AUTORELEASING = YES;
				CLANG_WARN_BOOL_CONVERSION = YES;
				CLANG_WARN_COMMA = YES;
				CLANG_WARN_CONSTANT_CONVERSION = YES;
				CLANG_WARN_DEPRECATED_OBJC_IMPLEMENTATIONS = YES;
				CLANG_WARN_DIRECT_OBJC_ISA_USAGE = YES_ERROR;
				CLANG_WARN_DOCUMENTATION_COMMENTS = YES;
				CLANG_WARN_EMPTY_BODY = YES;
				CLANG_WARN_ENUM_CONVERSION = YES;
				CLANG_WARN_INFINITE_RECURSION = YES;
				CLANG_WARN_INT_CONVERSION = YES;
				CLANG_WARN_NON_LITERAL_NULL_CONVERSION = YES;
				CLANG_WARN_OBJC_IMPLICIT_RETAIN_SELF = YES;
				CLANG_WARN_OBJC_LITERAL_CONVERSION = YES;
				CLANG_WARN_OBJC_ROOT_CLASS = YES_ERROR;
				CLANG_WARN_QUOTED_INCLUDE_IN_FRAMEWORK_HEADER = YES;
				CLANG_WARN_RANGE_LOOP_ANALYSIS = YES;
				CLANG_WARN_STRICT_PROTOTYPES = YES;
				CLANG_WARN_SUSPICIOUS_MOVE = YES;
				CLANG_WARN_UNGUARDED_AVAILABILITY = YES_AGGRESSIVE;
				CLANG_WARN_UNREACHABLE_CODE = YES;
				CLANG_WARN__DUPLICATE_METHOD_MATCH = YES;
				COPY_PHASE_STRIP = NO;
				DEBUG_INFORMATION_FORMAT = "dwarf-with-dsym";
				ENABLE_NS_ASSERTIONS = NO;
				ENABLE_STRICT_OBJC_MSGSEND = YES;
				GCC_C_LANGUAGE_STANDARD = gnu11;
				GCC_NO_COMMON_BLOCKS = YES;
				GCC_WARN_64_TO_32_BIT_CONVERSION = YES;
				GCC_WARN_ABOUT_RETURN_TYPE = YES_ERROR;
				GCC_WARN_UNDECLARED_SELECTOR = YES;
				GCC_WARN_UNINITIALIZED_AUTOS = YES_AGGRESSIVE;
				GCC_WARN_UNUSED_FUNCTION = YES;
				GCC_WARN_UNUSED_VARIABLE = YES;
				IPHONEOS_DEPLOYMENT_TARGET = 15.0;
				MTL_ENABLE_DEBUG_INFO = NO;
				MTL_FAST_MATH = YES;
				SDKROOT = iphoneos;
				SWIFT_COMPILATION_MODE = wholemodule;
				SWIFT_OPTIMIZATION_LEVEL = "-O";
				VALIDATE_PRODUCT = YES;
			};
			name = Release;
		};
		B8C8685E2770EA58003AF010 /* Debug */ = {
			isa = XCBuildConfiguration;
			buildSettings = {
				ASSETCATALOG_COMPILER_APPICON_NAME = AppIcon;
				ASSETCATALOG_COMPILER_GLOBAL_ACCENT_COLOR_NAME = AccentColor;
				CODE_SIGN_STYLE = Automatic;
				CURRENT_PROJECT_VERSION = 1;
				DEVELOPMENT_TEAM = 838LNUC4N4;
				GENERATE_INFOPLIST_FILE = YES;
				INFOPLIST_FILE = MovieApp/Info.plist;
				INFOPLIST_KEY_UIApplicationSupportsIndirectInputEvents = YES;
				INFOPLIST_KEY_UILaunchStoryboardName = LaunchScreen;
				INFOPLIST_KEY_UISupportedInterfaceOrientations = UIInterfaceOrientationPortrait;
				INFOPLIST_KEY_UISupportedInterfaceOrientations_iPad = "UIInterfaceOrientationPortrait UIInterfaceOrientationPortraitUpsideDown UIInterfaceOrientationLandscapeLeft UIInterfaceOrientationLandscapeRight";
				INFOPLIST_KEY_UISupportedInterfaceOrientations_iPhone = "UIInterfaceOrientationPortrait UIInterfaceOrientationLandscapeLeft UIInterfaceOrientationLandscapeRight";
				IPHONEOS_DEPLOYMENT_TARGET = 13.0;
				LD_RUNPATH_SEARCH_PATHS = (
					"$(inherited)",
					"@executable_path/Frameworks",
				);
				MARKETING_VERSION = 1.0;
				PRODUCT_BUNDLE_IDENTIFIER = pl.smaludzinski.MovieApp;
				PRODUCT_NAME = "$(TARGET_NAME)";
				SWIFT_EMIT_LOC_STRINGS = YES;
				SWIFT_VERSION = 5.0;
				TARGETED_DEVICE_FAMILY = "1,2";
			};
			name = Debug;
		};
		B8C8685F2770EA58003AF010 /* Release */ = {
			isa = XCBuildConfiguration;
			buildSettings = {
				ASSETCATALOG_COMPILER_APPICON_NAME = AppIcon;
				ASSETCATALOG_COMPILER_GLOBAL_ACCENT_COLOR_NAME = AccentColor;
				CODE_SIGN_STYLE = Automatic;
				CURRENT_PROJECT_VERSION = 1;
				DEVELOPMENT_TEAM = 838LNUC4N4;
				GENERATE_INFOPLIST_FILE = YES;
				INFOPLIST_FILE = MovieApp/Info.plist;
				INFOPLIST_KEY_UIApplicationSupportsIndirectInputEvents = YES;
				INFOPLIST_KEY_UILaunchStoryboardName = LaunchScreen;
				INFOPLIST_KEY_UISupportedInterfaceOrientations = UIInterfaceOrientationPortrait;
				INFOPLIST_KEY_UISupportedInterfaceOrientations_iPad = "UIInterfaceOrientationPortrait UIInterfaceOrientationPortraitUpsideDown UIInterfaceOrientationLandscapeLeft UIInterfaceOrientationLandscapeRight";
				INFOPLIST_KEY_UISupportedInterfaceOrientations_iPhone = "UIInterfaceOrientationPortrait UIInterfaceOrientationLandscapeLeft UIInterfaceOrientationLandscapeRight";
				IPHONEOS_DEPLOYMENT_TARGET = 13.0;
				LD_RUNPATH_SEARCH_PATHS = (
					"$(inherited)",
					"@executable_path/Frameworks",
				);
				MARKETING_VERSION = 1.0;
				PRODUCT_BUNDLE_IDENTIFIER = pl.smaludzinski.MovieApp;
				PRODUCT_NAME = "$(TARGET_NAME)";
				SWIFT_EMIT_LOC_STRINGS = YES;
				SWIFT_VERSION = 5.0;
				TARGETED_DEVICE_FAMILY = "1,2";
			};
			name = Release;
		};
/* End XCBuildConfiguration section */

/* Begin XCConfigurationList section */
		B8C868442770EA56003AF010 /* Build configuration list for PBXProject "MovieApp" */ = {
			isa = XCConfigurationList;
			buildConfigurations = (
				B8C8685B2770EA58003AF010 /* Debug */,
				B8C8685C2770EA58003AF010 /* Release */,
			);
			defaultConfigurationIsVisible = 0;
			defaultConfigurationName = Release;
		};
		B8C8685D2770EA58003AF010 /* Build configuration list for PBXNativeTarget "MovieApp" */ = {
			isa = XCConfigurationList;
			buildConfigurations = (
				B8C8685E2770EA58003AF010 /* Debug */,
				B8C8685F2770EA58003AF010 /* Release */,
			);
			defaultConfigurationIsVisible = 0;
			defaultConfigurationName = Release;
		};
/* End XCConfigurationList section */
	};
	rootObject = B8C868412770EA56003AF010 /* Project object */;
}
